
Microsoft Visual Studio Solution File, Format Version 12.00
# Visual Studio Version 17
VisualStudioVersion = 17.8.34322.80
MinimumVisualStudioVersion = 10.0.40219.1
Project("{FAE04EC0-301F-11D3-BF4B-00C04F79EFBC}") = "Sixth lesson", "Sixth lesson\Sixth lesson.csproj", "{00F9F015-FB28-4557-93F7-D0D241DFF556}"
EndProject
Global
	GlobalSection(SolutionConfigurationPlatforms) = preSolution
		Debug|Any CPU = Debug|Any CPU
		Release|Any CPU = Release|Any CPU
	EndGlobalSection
	GlobalSection(ProjectConfigurationPlatforms) = postSolution
		{00F9F015-FB28-4557-93F7-D0D241DFF556}.Debug|Any CPU.ActiveCfg = Debug|Any CPU
		{00F9F015-FB28-4557-93F7-D0D241DFF556}.Debug|Any CPU.Build.0 = Debug|Any CPU
		{00F9F015-FB28-4557-93F7-D0D241DFF556}.Release|Any CPU.ActiveCfg = Release|Any CPU
		{00F9F015-FB28-4557-93F7-D0D241DFF556}.Release|Any CPU.Build.0 = Release|Any CPU
	EndGlobalSection
	GlobalSection(SolutionProperties) = preSolution
		HideSolutionNode = FALSE
	EndGlobalSection
	GlobalSection(ExtensibilityGlobals) = postSolution
		SolutionGuid = {17F8E9A8-0800-458E-B8D9-71E4D67CC818}
	EndGlobalSection
EndGlobal
